
Microsoft Visual Studio Solution File, Format Version 12.00
# Visual Studio Version 16
VisualStudioVersion = 16.0.30503.244
MinimumVisualStudioVersion = 10.0.40219.1
Project("{FAE04EC0-301F-11D3-BF4B-00C04F79EFBC}") = "Vlasenko", "Vlasenko\Vlasenko.csproj", "{5C937C85-B2C5-4561-A844-FC99B84F1DCC}"
EndProject
Global
	GlobalSection(SolutionConfigurationPlatforms) = preSolution
		Debug|Any CPU = Debug|Any CPU
		Release|Any CPU = Release|Any CPU
	EndGlobalSection
	GlobalSection(ProjectConfigurationPlatforms) = postSolution
		{5C937C85-B2C5-4561-A844-FC99B84F1DCC}.Debug|Any CPU.ActiveCfg = Debug|Any CPU
		{5C937C85-B2C5-4561-A844-FC99B84F1DCC}.Debug|Any CPU.Build.0 = Debug|Any CPU
		{5C937C85-B2C5-4561-A844-FC99B84F1DCC}.Release|Any CPU.ActiveCfg = Release|Any CPU
		{5C937C85-B2C5-4561-A844-FC99B84F1DCC}.Release|Any CPU.Build.0 = Release|Any CPU
	EndGlobalSection
	GlobalSection(SolutionProperties) = preSolution
		HideSolutionNode = FALSE
	EndGlobalSection
	GlobalSection(ExtensibilityGlobals) = postSolution
		SolutionGuid = {6325999E-FD42-41E4-BDA0-5818B3C36CB6}
	EndGlobalSection
EndGlobal
